
Microsoft Visual Studio Solution File, Format Version 12.00
# Visual Studio Version 17
VisualStudioVersion = 17.0.31903.59
MinimumVisualStudioVersion = 10.0.40219.1
Project("{2150E333-8FDC-42A3-9474-1A3956D46DE8}") = "src", "src", "{443B6F48-4F19-4A38-A3C0-96A51E5D0F44}"
EndProject
Project("{FAE04EC0-301F-11D3-BF4B-00C04F79EFBC}") = "Aegis.Engine", "src\Aegis.Engine\Aegis.Engine.csproj", "{7909B378-00A4-410B-BA80-211AB90DBFF5}"
EndProject
Project("{2150E333-8FDC-42A3-9474-1A3956D46DE8}") = "tests", "tests", "{DE83F9B2-688F-4814-BD0E-B1E71CDAF18E}"
EndProject
Project("{FAE04EC0-301F-11D3-BF4B-00C04F79EFBC}") = "Aegis.Engine.Baseline", "tests\Aegis.Engine.Baseline\Aegis.Engine.Baseline.csproj", "{F8FCBFD9-7666-4ED2-99CA-0A664F58DFDE}"
EndProject
Project("{FAE04EC0-301F-11D3-BF4B-00C04F79EFBC}") = "Aegis.Scheduling", "src\Aegis.Scheduling\Aegis.Scheduling.csproj", "{E520E132-DD3D-47AF-BBCB-0C8A362B1860}"
EndProject
Project("{FAE04EC0-301F-11D3-BF4B-00C04F79EFBC}") = "Aegis.Scheduling.Hosting", "src\Aegis.Scheduling.Hosting\Aegis.Scheduling.Hosting.csproj", "{B8C7B9B7-C8B9-4D54-A825-68728C52010A}"
EndProject
Project("{FAE04EC0-301F-11D3-BF4B-00C04F79EFBC}") = "Aegis.Scheduling.Tests", "tests\Aegis.Scheduling.Tests\Aegis.Scheduling.Tests.csproj", "{8EEF5FBC-1DE2-4ED5-BE6C-58F5482C8B99}"
EndProject
Project("{FAE04EC0-301F-11D3-BF4B-00C04F79EFBC}") = "Aegis.Security", "src\Aegis.Security\Aegis.Security.csproj", "{82729877-D210-4E3A-974C-97BBBE135D63}"
EndProject
Project("{FAE04EC0-301F-11D3-BF4B-00C04F79EFBC}") = "Aegis.Security.Tests", "tests\Aegis.Security.Tests\Aegis.Security.Tests.csproj", "{E5C0B3D9-2BF0-4FF1-B287-A6A4CFB7EB3F}"
EndProject
Project("{FAE04EC0-301F-11D3-BF4B-00C04F79EFBC}") = "Aegis.Data", "src\Aegis.Data\Aegis.Data.csproj", "{A164C3AE-2242-4997-8E46-5D09A86E9CE9}"
EndProject
Project("{FAE04EC0-301F-11D3-BF4B-00C04F79EFBC}") = "Aegis.Data.Tests", "tests\Aegis.Data.Tests\Aegis.Data.Tests.csproj", "{3D4CC53B-B35F-4272-92E6-39ED70FD475E}"
EndProject
Project("{FAE04EC0-301F-11D3-BF4B-00C04F79EFBC}") = "Aegis.Migration", "src\Aegis.Migration\Aegis.Migration.csproj", "{521F22C3-7F8D-4EDA-9F8D-178E0BA30C60}"
EndProject
Project("{FAE04EC0-301F-11D3-BF4B-00C04F79EFBC}") = "Aegis.Migration.Tests", "tests\Aegis.Migration.Tests\Aegis.Migration.Tests.csproj", "{B8A0100D-2245-45D4-9935-60F914DF0300}"
EndProject
Global
	GlobalSection(SolutionConfigurationPlatforms) = preSolution
		Debug|Any CPU = Debug|Any CPU
		Release|Any CPU = Release|Any CPU
	EndGlobalSection
	GlobalSection(SolutionProperties) = preSolution
		HideSolutionNode = FALSE
	EndGlobalSection
	GlobalSection(ProjectConfigurationPlatforms) = postSolution
		{7909B378-00A4-410B-BA80-211AB90DBFF5}.Debug|Any CPU.ActiveCfg = Debug|Any CPU
		{7909B378-00A4-410B-BA80-211AB90DBFF5}.Debug|Any CPU.Build.0 = Debug|Any CPU
		{7909B378-00A4-410B-BA80-211AB90DBFF5}.Release|Any CPU.ActiveCfg = Release|Any CPU
		{7909B378-00A4-410B-BA80-211AB90DBFF5}.Release|Any CPU.Build.0 = Release|Any CPU
		{F8FCBFD9-7666-4ED2-99CA-0A664F58DFDE}.Debug|Any CPU.ActiveCfg = Debug|Any CPU
		{F8FCBFD9-7666-4ED2-99CA-0A664F58DFDE}.Debug|Any CPU.Build.0 = Debug|Any CPU
		{F8FCBFD9-7666-4ED2-99CA-0A664F58DFDE}.Release|Any CPU.ActiveCfg = Release|Any CPU
		{F8FCBFD9-7666-4ED2-99CA-0A664F58DFDE}.Release|Any CPU.Build.0 = Release|Any CPU
		{E520E132-DD3D-47AF-BBCB-0C8A362B1860}.Debug|Any CPU.ActiveCfg = Debug|Any CPU
		{E520E132-DD3D-47AF-BBCB-0C8A362B1860}.Debug|Any CPU.Build.0 = Debug|Any CPU
		{E520E132-DD3D-47AF-BBCB-0C8A362B1860}.Release|Any CPU.ActiveCfg = Release|Any CPU
		{E520E132-DD3D-47AF-BBCB-0C8A362B1860}.Release|Any CPU.Build.0 = Release|Any CPU
		{B8C7B9B7-C8B9-4D54-A825-68728C52010A}.Debug|Any CPU.ActiveCfg = Debug|Any CPU
		{B8C7B9B7-C8B9-4D54-A825-68728C52010A}.Debug|Any CPU.Build.0 = Debug|Any CPU
		{B8C7B9B7-C8B9-4D54-A825-68728C52010A}.Release|Any CPU.ActiveCfg = Release|Any CPU
		{B8C7B9B7-C8B9-4D54-A825-68728C52010A}.Release|Any CPU.Build.0 = Release|Any CPU
		{8EEF5FBC-1DE2-4ED5-BE6C-58F5482C8B99}.Debug|Any CPU.ActiveCfg = Debug|Any CPU
		{8EEF5FBC-1DE2-4ED5-BE6C-58F5482C8B99}.Debug|Any CPU.Build.0 = Debug|Any CPU
		{8EEF5FBC-1DE2-4ED5-BE6C-58F5482C8B99}.Release|Any CPU.ActiveCfg = Release|Any CPU
		{8EEF5FBC-1DE2-4ED5-BE6C-58F5482C8B99}.Release|Any CPU.Build.0 = Release|Any CPU
		{82729877-D210-4E3A-974C-97BBBE135D63}.Debug|Any CPU.ActiveCfg = Debug|Any CPU
		{82729877-D210-4E3A-974C-97BBBE135D63}.Debug|Any CPU.Build.0 = Debug|Any CPU
		{82729877-D210-4E3A-974C-97BBBE135D63}.Release|Any CPU.ActiveCfg = Release|Any CPU
		{82729877-D210-4E3A-974C-97BBBE135D63}.Release|Any CPU.Build.0 = Release|Any CPU
		{E5C0B3D9-2BF0-4FF1-B287-A6A4CFB7EB3F}.Debug|Any CPU.ActiveCfg = Debug|Any CPU
		{E5C0B3D9-2BF0-4FF1-B287-A6A4CFB7EB3F}.Debug|Any CPU.Build.0 = Debug|Any CPU
		{E5C0B3D9-2BF0-4FF1-B287-A6A4CFB7EB3F}.Release|Any CPU.ActiveCfg = Release|Any CPU
		{E5C0B3D9-2BF0-4FF1-B287-A6A4CFB7EB3F}.Release|Any CPU.Build.0 = Release|Any CPU
		{A164C3AE-2242-4997-8E46-5D09A86E9CE9}.Debug|Any CPU.ActiveCfg = Debug|Any CPU
		{A164C3AE-2242-4997-8E46-5D09A86E9CE9}.Debug|Any CPU.Build.0 = Debug|Any CPU
		{A164C3AE-2242-4997-8E46-5D09A86E9CE9}.Release|Any CPU.ActiveCfg = Release|Any CPU
		{A164C3AE-2242-4997-8E46-5D09A86E9CE9}.Release|Any CPU.Build.0 = Release|Any CPU
		{3D4CC53B-B35F-4272-92E6-39ED70FD475E}.Debug|Any CPU.ActiveCfg = Debug|Any CPU
		{3D4CC53B-B35F-4272-92E6-39ED70FD475E}.Debug|Any CPU.Build.0 = Debug|Any CPU
		{3D4CC53B-B35F-4272-92E6-39ED70FD475E}.Release|Any CPU.ActiveCfg = Release|Any CPU
		{3D4CC53B-B35F-4272-92E6-39ED70FD475E}.Release|Any CPU.Build.0 = Release|Any CPU
		{521F22C3-7F8D-4EDA-9F8D-178E0BA30C60}.Debug|Any CPU.ActiveCfg = Debug|Any CPU
		{521F22C3-7F8D-4EDA-9F8D-178E0BA30C60}.Debug|Any CPU.Build.0 = Debug|Any CPU
		{521F22C3-7F8D-4EDA-9F8D-178E0BA30C60}.Release|Any CPU.ActiveCfg = Release|Any CPU
		{521F22C3-7F8D-4EDA-9F8D-178E0BA30C60}.Release|Any CPU.Build.0 = Release|Any CPU
		{B8A0100D-2245-45D4-9935-60F914DF0300}.Debug|Any CPU.ActiveCfg = Debug|Any CPU
		{B8A0100D-2245-45D4-9935-60F914DF0300}.Debug|Any CPU.Build.0 = Debug|Any CPU
		{B8A0100D-2245-45D4-9935-60F914DF0300}.Release|Any CPU.ActiveCfg = Release|Any CPU
		{B8A0100D-2245-45D4-9935-60F914DF0300}.Release|Any CPU.Build.0 = Release|Any CPU
	EndGlobalSection
	GlobalSection(NestedProjects) = preSolution
		{7909B378-00A4-410B-BA80-211AB90DBFF5} = {443B6F48-4F19-4A38-A3C0-96A51E5D0F44}
		{F8FCBFD9-7666-4ED2-99CA-0A664F58DFDE} = {DE83F9B2-688F-4814-BD0E-B1E71CDAF18E}
		{E520E132-DD3D-47AF-BBCB-0C8A362B1860} = {443B6F48-4F19-4A38-A3C0-96A51E5D0F44}
		{B8C7B9B7-C8B9-4D54-A825-68728C52010A} = {443B6F48-4F19-4A38-A3C0-96A51E5D0F44}
		{8EEF5FBC-1DE2-4ED5-BE6C-58F5482C8B99} = {DE83F9B2-688F-4814-BD0E-B1E71CDAF18E}
		{82729877-D210-4E3A-974C-97BBBE135D63} = {443B6F48-4F19-4A38-A3C0-96A51E5D0F44}
		{E5C0B3D9-2BF0-4FF1-B287-A6A4CFB7EB3F} = {DE83F9B2-688F-4814-BD0E-B1E71CDAF18E}
		{A164C3AE-2242-4997-8E46-5D09A86E9CE9} = {443B6F48-4F19-4A38-A3C0-96A51E5D0F44}
		{3D4CC53B-B35F-4272-92E6-39ED70FD475E} = {DE83F9B2-688F-4814-BD0E-B1E71CDAF18E}
		{521F22C3-7F8D-4EDA-9F8D-178E0BA30C60} = {443B6F48-4F19-4A38-A3C0-96A51E5D0F44}
		{B8A0100D-2245-45D4-9935-60F914DF0300} = {DE83F9B2-688F-4814-BD0E-B1E71CDAF18E}
	EndGlobalSection
EndGlobal
