#
# This file is autogenerated by pip-compile with Python 3.14
# by the following command:
#
#    pip-compile --allow-unsafe --generate-hashes --output-file=requirements.lock --strip-extras requirements.in
#
absl-py==2.5.1 \
    --hash=sha256:286e71c82c1a38e75bbcf185f9b37d0305ad7786535107cb49bf4df9ff2e1f95 \
    --hash=sha256:721200f2f0e9960f2ca9dc3a2a706b201f5f75d812c158f059cbbe29eeafbdb8
    # via ortools
anyio==4.15.1 \
    --hash=sha256:6152fdbbf9a77fdec97731721bebf7c4c44f7c29b424b0065826173efc7ed101 \
    --hash=sha256:9f28306018cbd6d329e64a36d58256edff76dd996fe423bc957326e578b82a94
    # via starlette
fastapi==0.115.0 \
    --hash=sha256:17ea427674467486e997206a5ab25760f6b09e069f099b96f5b55a32fb6f1631 \
    --hash=sha256:f93b4ca3529a8ebc6fc3fcf710e5efa8de3df9b41570958abf1d97d843138004
    # via -r requirements.in
idna==3.20 \
    --hash=sha256:a7db850025b95ded1eae8a46181a1a6c56c92c96f0e2b005d9ff8dc0210cab44 \
    --hash=sha256:ab7ae7122974553370f0bdb919e1a960b2cd1bc1ef0276416d896db81c14582c
    # via anyio
immutabledict==4.3.1 \
    --hash=sha256:c9facdc0ff30fdb8e35bd16532026cac472a549e182c94fa201b51b25e4bf7bf \
    --hash=sha256:f844a669106cfdc73f47b1a9da003782fb17dc955a54c80972e0d93d1c63c514
    # via ortools
numpy==2.5.3 \
    --hash=sha256:012e66aca395d795496446e52aeeb5866312a5d4d3f27da270e5a0b43f70dc5c \
    --hash=sha256:09d5a423c71ad5feb5625844ad58050e35df43871004b52ac9c0ad44a56775be \
    --hash=sha256:09ffa5d903faeaa5c4dd05009cf81c8bab9f2cb37c548b8d39b65b4cfa7c97f7 \
    --hash=sha256:0a59a421a32580a009e8a1751345bf829631b990dc1794b80514ab722b435def \
    --hash=sha256:116f96cadd935c6122e9228d676fe7ede19e741f5c8bb1c3cddbe0c51ccebea2 \
    --hash=sha256:1302b90c0e52281681b2975adfe8a860cb7b12216a27b4b0b4207c44bf7bccf0 \
    --hash=sha256:15aa985ac73a8db02db7663381aa109510449d3819d37206caed27b33a65a8a6 \
    --hash=sha256:1aad64d99730d013cfc6debafed22783b4fc5a7f4b8bc744d2d8cf7dcc880551 \
    --hash=sha256:1c80eabb4035ecf4ca9cd49cde8a9fdd69a729e63e6474887d1523ade7aa277f \
    --hash=sha256:1f3ed25271581281f2fccb1adcedfcde4c07362eec69189b50baf6f90e3ae159 \
    --hash=sha256:1fb6f8fb9ff0b3a69f52c66ce397b0246583e9f28616231b0e32ca49259a5fa6 \
    --hash=sha256:214045a5bf00113a146ab9ee9730c44501af6723cdf1f6830932f7b5ef2e7af0 \
    --hash=sha256:26e15e4aecd8617dfbaecb37d223e365d7b39411fba20454be2670a96aa74cb5 \
    --hash=sha256:2c25dfa72943e4336ddb6b0ee4277b47a0c85bede0807530ec68103bf58e2c10 \
    --hash=sha256:2d8240cb4c16fd831074aa2b2cf9fc54664d826341d61c372245b96a74a49a9a \
    --hash=sha256:350ba9783ce969cf9f7ce6e6a9a58e1a6e2a19ca025b7ee448c4db727706212a \
    --hash=sha256:4c8a6d2ebce6305fd82fbefca827775437147052a976ee7c94b36a0c1b52ac6c \
    --hash=sha256:4f8929ee6c96bfbd7b4ed2032e0c03af86fe1826740ab61ddabf9072d06e57ff \
    --hash=sha256:536f963710a4e63934d80ac0dc4f478804a83e9a84b6828018f25d09953ada33 \
    --hash=sha256:54a115e5a73b8fc44f0cebef486365a1894b5c9760685d4558b72b7c3eb846e0 \
    --hash=sha256:595d020938c84e320bcf40ad71089e108eac0d377cd018e14a8c094f39e98d85 \
    --hash=sha256:66a78fe4556c60aceda5916f9eacd638b18e9e681016ec302dcb4682d6d4d034 \
    --hash=sha256:6b05c171afb3aa07adbd20abc00aea86fe375beb0fdb9ef780ec5b7f63bab1c0 \
    --hash=sha256:6cef4bb1706dfec49243c05d921eefb4e190d41e2528b30d8035ea1f36b4c24a \
    --hash=sha256:6f24021b9f22bc6301c37b196974a92c1c18dccedb6fef3dd252e95f2d6adbe4 \
    --hash=sha256:71b39d9f935b6ec0f8753e3e2afb51e3efba6f2e05b68b32a40754d24bcd4a3c \
    --hash=sha256:71cad2b2a7451ab79d8f5e71b453485b6775963d5cf794179144a7463fe6e8ec \
    --hash=sha256:76c2c1e6bfa5c84adc6434dfbf013aa92096a7985221762c8f11fedfd20fff58 \
    --hash=sha256:8617bbfae4486cf99c9f899966699428d19da931d06ca94ad3da986c76e15997 \
    --hash=sha256:86bff898a431c0fb71f7610b75726e75a54d47b37edc9d537f48de63bb3c0b90 \
    --hash=sha256:8e4dd766076855b5ff7ea52fa5f07ce26286726e0f8bff446b7739d02e6ea204 \
    --hash=sha256:92f30e89b8ee0ecf363033576c422b2f58fed6a80bed0aa48dff6d14c654663e \
    --hash=sha256:93e1f5447e2b1e479d7bd74701e84746b86450cff1fc368b132d195e2b8f8211 \
    --hash=sha256:9a37475425b431b4d060f23b4f52cd2f3aef6bc7c654bd760adf0040eec9d435 \
    --hash=sha256:9deb49575e5b0b94ed72c8a64ec4d033381adc27e9060ae842971f697ba96104 \
    --hash=sha256:a5fa86b80fd24bcd1aff83ad23be44ea323de3f787be8f8b15d4a65621e25321 \
    --hash=sha256:a6391fafaba97500887132cd582abc6e19452b1ac775a47caa7b24490e152058 \
    --hash=sha256:a72f874bc9e10e4b8f80426fb49716d5141f64442a0c8418065093ec8017fbb0 \
    --hash=sha256:ac7bb1c52d445bd4f8f7f97fefe6abc3a084dc4d63df50d79b17fa2b78e89297 \
    --hash=sha256:adc1ada2662f8a5f960b8a10d9986897e7499ef07e06d4cfe7197f8cce923c07 \
    --hash=sha256:b00eefbcf0f292945c4b4dec2ae845389ef5bcdcd596e6e4328051db5b5ba694 \
    --hash=sha256:b0521d0f4aebb6e06189451025fa17a913287b13c03d5fe05c017333b654ea5b \
    --hash=sha256:b5d93cf48f687479941d12b69c873ad2cc76bbd487f0091c2200636497f34034 \
    --hash=sha256:b7e18c623bb5c95acb3b3328861272816ba199fb531921c5d6d0b675f1fde9e3 \
    --hash=sha256:bd4cb9ad3c7889b9b3fe0a9a9fb5d2ed26f9879bff2608d9f01aed147a20d231 \
    --hash=sha256:be5a8381859b6da607c84f4f7d6847725f1cf1853ef8a2c9e115b7d58bef47dc \
    --hash=sha256:befa1ae5bd6030b3f512b43ff3fa5290bbed6b84411a44244b14adf835f5b89d \
    --hash=sha256:bf63afbe037eb5d2fe87fbcc7778e61da53ebaf21d938a4515aa73b62532a5d4 \
    --hash=sha256:c00abe94c1a69d75d827dcf1c025b25c8a45d230b3bcd77a9020883a1b047653 \
    --hash=sha256:c2381f82999704f818e2c987a865050e285ec3621262c66d40f5a96c8f899f8e \
    --hash=sha256:c76d5dde9f445058f83d0c02af00557a4db91de9a9a57c0df87d1535001d654b \
    --hash=sha256:cb189f09db39283b26bfd061ec16189e14f71c6755207f72a0f7540867afe5b9 \
    --hash=sha256:ccb32e0525d29e8b0572eb84c9a57af0e7a4e615726927506f55063c62414034 \
    --hash=sha256:ccbc4665079665c3cf3bab4db9f6b095370cd6437d66be549b6c2a1fd19e1958 \
    --hash=sha256:d1c89973648c85069c5046ad460f7b8a00218b29a2e42359ac8cc63e9ab94832 \
    --hash=sha256:df2d5874ff183595a4ba404edd04f6bd9b5505c1d7708573f6a6c17489a67563 \
    --hash=sha256:e01c918ac3d48e18a927cf7b14a26a3e29ff2bdf2eacb976da0aecd6a43ed034 \
    --hash=sha256:e6ab667ba76450084eb64013762c438ea76d9d29cc676dcd6c2e9892ba37f841 \
    --hash=sha256:e931e4f499e0dc7ef29d269a8e5b35dd722e5d14be07df6240166ea7c6532fae \
    --hash=sha256:f54660b0eb6b0b9f36e7fe1cdfdff472028dd0d14acd9b9b65098efbad059469 \
    --hash=sha256:f59a878c33d6b88122d80d239bb3b845d58708750b0cb06a09aebb9b18ec696c \
    --hash=sha256:f7fabeb6cea87d65f3b926de33d03fb016cfdc29314c90974383b5582ae72891 \
    --hash=sha256:f9579f383d1bf9df80081e72760e84960a7fd4f88cf0c9e535a8597c9bb646f5 \
    --hash=sha256:f9a2353b37a1a9e78fd82b27ad7e2a32a2d036604d18f02b05e3136c62ca3b09 \
    --hash=sha256:fc36dc566135b5eceec4cf89758fcb719266a019ef07dae1754ae7c9f617ef3e \
    --hash=sha256:ffdc76bfcae6b255dff75202c5e7feaf95b40246bc0a17944facc1fecf9f79ab
    # via
    #   ortools
    #   pandas
ortools==9.15.6755 \
    --hash=sha256:033836c0eb33bc72697a299e0caedbb25fc9d1cee0b13832d69cb30405f57b3e \
    --hash=sha256:03424136aa48555e7f4d1bc73edeb99f80ec35a2e5f17700e2072640344980fc \
    --hash=sha256:076565b803c85c4f87863e0616f537dd37f99c03e6f092e4068404f7b425d2b0 \
    --hash=sha256:0b26655d25ab28030aef30e675e24d96d35940974de3a70ace01cf82ca301b69 \
    --hash=sha256:1a0677270b0cd317a6b8dae42514264eaf5da5756c5bc7215eeea409424577df \
    --hash=sha256:1e16686c2b457fa6242c474ab890ee1712347ab53678e0d2fab307ae03e97a4b \
    --hash=sha256:27a10474e62c9dceed37cfa0e4845c5ffaf792138ebf5b61483771b96f1290b6 \
    --hash=sha256:2d1f2fb2088e8953ccb902e68ffd06032cce0c7dcf7268b6135f3b6c553ca52b \
    --hash=sha256:3cd6bec0a2e00e3891a53e3b436f45a1000269f302085572f49e9856b7f8eaf0 \
    --hash=sha256:487796301fd9dad55f9cf21f9313c834697f74306d1a59f002e152862f8eb1b5 \
    --hash=sha256:4f4964f8ed47ac76b5cfd23238618299f5a3c289d8e0ed66a75885ba9766eb6f \
    --hash=sha256:55e291560d2fdb9590656cbee06ba99ee7f2476bd7d316ff757eeab33e9b20d6 \
    --hash=sha256:5bb2b434f4ae01ce81813d01db722d9dedcc452aede681211ee4d4df8963a410 \
    --hash=sha256:7181183cdcafe2b0d83ca5505b65048c7953dc7b5ad479361dded607964cc1b3 \
    --hash=sha256:73b229dbc2b225441cb3bc5790ea8d55f14e3cd7f32d5185784f60b102308457 \
    --hash=sha256:76150c4dd5927d0ab138344a5121b1f63e32501371ca93e632e2e10d8261064b \
    --hash=sha256:781fb09d6c9f46015291f706bd7c7e0815db1bec6e92c74716342fb7ea2d0532 \
    --hash=sha256:7a85a68ffb3fc1967e78624f40d3707aae459e82e3f2d9fe02e91788b3c7bf2a \
    --hash=sha256:82b4a8e6e4f9380b453ab5fa4382ea7ee91e628f9b8be89d9ad760b33fca3323 \
    --hash=sha256:87c73acda29f03ded74c7d2388f6efcbe45fa45a3f2bae4d85e1b5f1cc4cd9c1 \
    --hash=sha256:8881e9620bf0bf8303891e171feb03d6e86c75a05fb9325a09ae7fbf93093f4a \
    --hash=sha256:899b92afe3f775ab5867b9a8aa2850f81f2d95232db9b4ceec3456d69e6b8528 \
    --hash=sha256:990838ad66a052e72a50e69da500878710e3420e91717fe88bf3071995caba9e \
    --hash=sha256:acdf06a167933307608e7eba23a9490255933504df44c8de5f62c48656c29688 \
    --hash=sha256:ae1c6e1fd844b4d756b22eb6c0ed574ea4342ee206d807c4f903039e748228fa \
    --hash=sha256:afabb869e5fabeb704bd8147b22bf8139dee042e55fabd0d447a996428009e0c \
    --hash=sha256:b85bd20259b146abce5e0721ce1bfd8fd273efc904216aa3be178c31b6d34057 \
    --hash=sha256:c3bcccd15ef3fc6ac10bfa11630ba6dfe437d4fd1374a5b33f4773b7fee0f877 \
    --hash=sha256:caac1d48b967adb877da2abcaf82c28f0f908a7cc208a6a1bbe01bc69590816c \
    --hash=sha256:d72c136fd6e4b112bf154680290490da0aca60b7ddfc4163581c069c67016d4a \
    --hash=sha256:d9d07cddca201e25e2e219006a9d6cda10c7e9ee2c712c50d19d508f9ed8a888 \
    --hash=sha256:e4559603031ed371c5d86b1e9357fa49fb89236452e4b9bc429a0cf4a2fab05d \
    --hash=sha256:e51ae55569650e5381fd6e50c655ccf6368a9532f5720ea41396bb90e0247a21 \
    --hash=sha256:ebd5aea00374e3aad7a78de59058aca5e871a26a3c385cd0860ef1d685d03c9a
    # via -r requirements.in
pandas==3.0.6 \
    --hash=sha256:0704044b676496b8350e023b09f174a26772456c974a2b11c36bebb558c9490d \
    --hash=sha256:085e3786ae6b2e82b406266bce36690f72b9dc1421903ba9296b2981a9fcf586 \
    --hash=sha256:097090508a1dd335013d39106fc10b20f4fd4a171638e47b77d55798ed9dab6c \
    --hash=sha256:1bcb3e9ed29e74a7439cedff9e2aefd3ea65de84d7de9ccb6c194192541bd60e \
    --hash=sha256:1e7c0afdcaf6661d795fcefc2f647ddd1136f62cdc153fba177c685d97a87808 \
    --hash=sha256:1e92d9fa834c7d877130027cddc0cad8dcff97c1f6cca26bd6310f847228b658 \
    --hash=sha256:22172a92e7ee678ec0140c7af4fc9366b55413834a1cd86af78b3caa0b0574de \
    --hash=sha256:253e12cb9081b0afbac607920f6142975966bc315135e09de275fdbaa415d2de \
    --hash=sha256:265f562fdd1079f69f3de96dd425c3405224038c0af4f920c54bd240ee2c4640 \
    --hash=sha256:2a8fc94be2ee5f1d86f97aacd8cc566f81680b6498e76f3007421bb5d98151bf \
    --hash=sha256:2e5fa32ff162dfdbc280157d664f44d23049ae414725af9676df339c501d82cd \
    --hash=sha256:3ef908d28590b3f42d7070e7ad8f9b34b442b260b7f3c1afb57e0040c58cdb1b \
    --hash=sha256:429d9df32731ab01383ed98f2baa7a60368090d1a94fc06019a12062510e8630 \
    --hash=sha256:47121f9571503f724c9b93e297ab6254ac99c77adf5e9ed085ea419fd585c258 \
    --hash=sha256:4e25e2e1adee99ddfada6f7206a79ae8e9c8a8861b0e3eaaba165006d3eef18e \
    --hash=sha256:4ff44b2cb51cbd691c91f92c4ea6c71e34003f239ebd67c2e857dc898466b49c \
    --hash=sha256:50c44cbf5820b6b91a5f74aae04972472aefadd3cd9fbd1010409d85528bd570 \
    --hash=sha256:569e114072b24fc4970c12e2b4bab252671668a40b324318903380cab0254c0c \
    --hash=sha256:583be68728a31d0d750d5b8d9e00f02b153df0d4655f858bde93cb84cfc4227c \
    --hash=sha256:5e75072773c1b2f7cb63faa3a6f562aede11f3976f68ed34cb538bc091a28171 \
    --hash=sha256:5edd0a7abb0986ecce1ac81f56d99b6763f86aa6946dceb6c661224f90af5a19 \
    --hash=sha256:60d81f9e1799b36f3739e7fff44d1fbb2e8fd5a271b3863e03de9715fccda0fa \
    --hash=sha256:62f51d7f651c8054c5e82a69265c98082e795d1442df7ca6edc3a545d61214b1 \
    --hash=sha256:654aae059295dbba6ecd2328ca12712a2cf1676214c8699f1c29213f7ccf9c34 \
    --hash=sha256:66b07ef7315a31bfe1089cd3d71a7de781c9dca986762d0b4fe7c0ef17465d10 \
    --hash=sha256:6ff482fa91fa2bafd92e8fe66ce3645c851824310f295c1f0a2f96e928fc4541 \
    --hash=sha256:77ccbe5057aece6fc172b9b77f19c04335af6882bc2e10c8f3ee4e6bfb3da553 \
    --hash=sha256:7dac2d65e9087e8e7b5a45fe15c4920911a221df061ab629943ce016489145c7 \
    --hash=sha256:83e91d15738d7783c050197cef2f2cf82fc6353dae9865aa87ed1fa16aa4d55a \
    --hash=sha256:86fa853a12e0b70927e2b1ee00d56d2224ec9cbb4b9d58348b5ad52d2f21150e \
    --hash=sha256:8fe77b408d82e2615674dfed62533b95e18a03610573877422aada4f625d4947 \
    --hash=sha256:963ca21199097a84c7827c4678b04e30833084fbf8ef44fde3fa7180a29f8fa0 \
    --hash=sha256:97274c9adf6255bb48c620cd6959805efa7f09ea2167f0e0ae006a448cd2fca7 \
    --hash=sha256:994a79608263fe1c14cc48ffa7300e2b834b7d1cb406ffe96a08828cb0cdd79b \
    --hash=sha256:9ae8073aed8e21d1a7fe263dcdc6840743549722a6738198a0a46000fa9476f2 \
    --hash=sha256:9dab635a549e58a053c7b0fa054dc0bd7be22f0ed9a720f4a85d5fb993276172 \
    --hash=sha256:9e492cd4bdba6778de4fe0df7f4590c012161ebcf9902dce01b01dc683105514 \
    --hash=sha256:a3a22e07fe75347eaacc75b0e85297947af4fba6b4aae23916bd8b6828d0bba3 \
    --hash=sha256:a4dbd4dc65cbe645b92b8785d0f96dd7311010dc6606cf620e51b07b8788a12a \
    --hash=sha256:a77a1a44e4d88f1c6a2a64d3eb12efec8420875722e14279800b173a7c7c2804 \
    --hash=sha256:b27c8d890e4aa2171437ae2a39de1d215e674158e4865c4023a8b31c932513b2 \
    --hash=sha256:bd75ed0c840f709fc2ae26ddd9534ac77ca1a48ac0cce521a74acaa85f3340a7 \
    --hash=sha256:c6e4aae3e9bea26c6c9a20d88d96c86ec4a99b4db5fd516bcb4e829ab2c0ee36 \
    --hash=sha256:c826e9babb7790142c399f58599d8de679bea059d7b39c5b6efa2096fac37266 \
    --hash=sha256:cc39303913e2ea129915670de5d1c9fbd647f543bb72e5543bac8baa94e9e42f \
    --hash=sha256:d7564d86a94c2eb8ab290b07f63ddaae5c032fa53897c29a2ff2197d43aee8af \
    --hash=sha256:d7dcd21238cbb4828ff148481ba01cac8946dc5121457b5aeba28636f8f99a60 \
    --hash=sha256:db7ec631f26223beee8e5c9e0b8f23c24d8197bbd1d982421d4e3188bea51965 \
    --hash=sha256:e3dccb584123b399c07562ac4d62543e90ede49ddf8ce3c13ffc64cbe828c281 \
    --hash=sha256:e7c1905ef02c3d6d43d9dbd5b6ccb4da4870a0b0c821bbc103fbdb6f3ad2707b \
    --hash=sha256:eb6900de08ac85f93ac4948aa6b80842eba555875337b8359035ac9c43e92d34 \
    --hash=sha256:ee913a91669056c1de1a6b733fbfeab711de9e54e3bee2dfa5fe79d9457247d1 \
    --hash=sha256:ef738d71d1059245b6bb03e312be06d8b3821326a83486c1ad03b9aba3710e44 \
    --hash=sha256:f3ce8a6968045481e91a3990e797e348ce13db45ee164a7095bbc824e26c09dd \
    --hash=sha256:f4e7c52eb108d752e7592268108fd3e98efd76d83a3125cdd06c621c2e44359b \
    --hash=sha256:f8029ec0f1f89e4f985929ce1f6626dabf3140d61a4e9c1215afdab34eaf9a5d \
    --hash=sha256:fb625f426b375bcc96e3a04c5d5d266cd7be6ae5d6866e0e703382ab5164068c \
    --hash=sha256:ff51a4459ed036e93d1eb1bb5e6e7b28685d3cb6b7c12b91c05b31024e234729
    # via ortools
protobuf==6.33.6 \
    --hash=sha256:0cd27b587afca21b7cfa59a74dcbd48a50f0a6400cfb59391340ad729d91d326 \
    --hash=sha256:77179e006c476e69bf8e8ce866640091ec42e1beb80b213c3900006ecfba6901 \
    --hash=sha256:7d29d9b65f8afef196f8334e80d6bc1d5d4adedb449971fefd3723824e6e77d3 \
    --hash=sha256:9720e6961b251bde64edfdab7d500725a2af5280f3f4c87e57c0208376aa8c3a \
    --hash=sha256:a6768d25248312c297558af96a9f9c929e8c4cee0659cb07e780731095f38135 \
    --hash=sha256:bd56799fb262994b2c2faa1799693c95cc2e22c62f56fb43af311cae45d26f0e \
    --hash=sha256:c96c37eec15086b79762ed265d59ab204dabc53056e3443e702d2681f4b39ce3 \
    --hash=sha256:e2afbae9b8e1825e3529f88d514754e094278bb95eadc0e199751cdd9a2e82a2 \
    --hash=sha256:e9db7e292e0ab79dd108d7f1a94fe31601ce1ee3f7b79e0692043423020b0593 \
    --hash=sha256:f443a394af5ed23672bc6c486be138628fbe5c651ccbc536873d7da23d1868cf
    # via ortools
pydantic==1.10.18 \
    --hash=sha256:069b9c9fc645474d5ea3653788b544a9e0ccd3dca3ad8c900c4c6eac844b4620 \
    --hash=sha256:06a189b81ffc52746ec9c8c007f16e5167c8b0a696e1a726369327e3db7b2a82 \
    --hash=sha256:11d9d9b87b50338b1b7de4ebf34fd29fdb0d219dc07ade29effc74d3d2609c62 \
    --hash=sha256:15fdbe568beaca9aacfccd5ceadfb5f1a235087a127e8af5e48df9d8a45ae85c \
    --hash=sha256:19a3bd00b9dafc2cd7250d94d5b578edf7a0bd7daf102617153ff9a8fa37871c \
    --hash=sha256:23e8ec1ce4e57b4f441fc91e3c12adba023fedd06868445a5b5f1d48f0ab3682 \
    --hash=sha256:24a4a159d0f7a8e26bf6463b0d3d60871d6a52eac5bb6a07a7df85c806f4c048 \
    --hash=sha256:2ce3fcf75b2bae99aa31bd4968de0474ebe8c8258a0110903478bd83dfee4e3b \
    --hash=sha256:335a32d72c51a313b33fa3a9b0fe283503272ef6467910338e123f90925f0f03 \
    --hash=sha256:3445426da503c7e40baccefb2b2989a0c5ce6b163679dd75f55493b460f05a8f \
    --hash=sha256:34a3613c7edb8c6fa578e58e9abe3c0f5e7430e0fc34a65a415a1683b9c32d9a \
    --hash=sha256:3d5492dbf953d7d849751917e3b2433fb26010d977aa7a0765c37425a4026ff1 \
    --hash=sha256:44ae8a3e35a54d2e8fa88ed65e1b08967a9ef8c320819a969bfa09ce5528fafe \
    --hash=sha256:467a14ee2183bc9c902579bb2f04c3d3dac00eff52e252850509a562255b2a33 \
    --hash=sha256:46f379b8cb8a3585e3f61bf9ae7d606c70d133943f339d38b76e041ec234953f \
    --hash=sha256:49e26c51ca854286bffc22b69787a8d4063a62bf7d83dc21d44d2ff426108518 \
    --hash=sha256:65f7361a09b07915a98efd17fdec23103307a54db2000bb92095457ca758d485 \
    --hash=sha256:6951f3f47cb5ca4da536ab161ac0163cab31417d20c54c6de5ddcab8bc813c3f \
    --hash=sha256:72fa46abace0a7743cc697dbb830a41ee84c9db8456e8d77a46d79b537efd7ec \
    --hash=sha256:74fe19dda960b193b0eb82c1f4d2c8e5e26918d9cda858cbf3f41dd28549cb70 \
    --hash=sha256:7a4c5eec138a9b52c67f664c7d51d4c7234c5ad65dd8aacd919fb47445a62c86 \
    --hash=sha256:80b982d42515632eb51f60fa1d217dfe0729f008e81a82d1544cc392e0a50ddf \
    --hash=sha256:941a2eb0a1509bd7f31e355912eb33b698eb0051730b2eaf9e70e2e1589cae1d \
    --hash=sha256:9f463abafdc92635da4b38807f5b9972276be7c8c5121989768549fceb8d2588 \
    --hash=sha256:a00e63104346145389b8e8f500bc6a241e729feaf0559b88b8aa513dd2065481 \
    --hash=sha256:aad8771ec8dbf9139b01b56f66386537c6fe4e76c8f7a47c10261b69ad25c2c9 \
    --hash=sha256:ae6fa2008e1443c46b7b3a5eb03800121868d5ab6bc7cda20b5df3e133cde8b3 \
    --hash=sha256:b661ce52c7b5e5f600c0c3c5839e71918346af2ef20062705ae76b5c16914cab \
    --hash=sha256:b74be007703547dc52e3c37344d130a7bfacca7df112a9e5ceeb840a9ce195c7 \
    --hash=sha256:baebdff1907d1d96a139c25136a9bb7d17e118f133a76a2ef3b845e831e3403a \
    --hash=sha256:c20f682defc9ef81cd7eaa485879ab29a86a0ba58acf669a78ed868e72bb89e0 \
    --hash=sha256:c3e742f62198c9eb9201781fbebe64533a3bbf6a76a91b8d438d62b813079dbc \
    --hash=sha256:c5ae6b7c8483b1e0bf59e5f1843e4fd8fd405e11df7de217ee65b98eb5462861 \
    --hash=sha256:c6d0a9f9eccaf7f438671a64acf654ef0d045466e63f9f68a579e2383b63f357 \
    --hash=sha256:cbfbca662ed3729204090c4d09ee4beeecc1a7ecba5a159a94b5a4eb24e3759a \
    --hash=sha256:d5389eb3b48a72da28c6e061a247ab224381435256eb541e175798483368fdd3 \
    --hash=sha256:e306e280ebebc65040034bff1a0a81fd86b2f4f05daac0131f29541cafd80b80 \
    --hash=sha256:e405ffcc1254d76bb0e760db101ee8916b620893e6edfbfee563b3c6f7a67c02 \
    --hash=sha256:e9ee4e6ca1d9616797fa2e9c0bfb8815912c7d67aca96f77428e316741082a1b \
    --hash=sha256:ef0fe7ad7cbdb5f372463d42e6ed4ca9c443a52ce544472d8842a0576d830da5 \
    --hash=sha256:efbc8a7f9cb5fe26122acba1852d8dcd1e125e723727c59dcd244da7bdaa54f2 \
    --hash=sha256:fcb20d4cb355195c75000a49bb4a31d75e4295200df620f454bbc6bdf60ca890 \
    --hash=sha256:fe734914977eed33033b70bfc097e1baaffb589517863955430bf2e0846ac30f
    # via
    #   -r requirements.in
    #   fastapi
python-dateutil==2.9.0.post0 \
    --hash=sha256:37dd54208da7e1cd875388217d5e00ebd4179249f90fb72437e91a35459a0ad3 \
    --hash=sha256:a8b2bc7bffae282281c8140a97d3aa9c14da0b136dfe83f850eea9a5f7470427
    # via pandas
six==1.17.0 \
    --hash=sha256:4721f391ed90541fddacab5acf947aa0d3dc7d27b2e1e8eda2be8970586c3274 \
    --hash=sha256:ff70335d468e7eb6ec65b95b99d3a2836546063f63acc5171de367e834932a81
    # via python-dateutil
starlette==0.38.6 \
    --hash=sha256:4517a1409e2e73ee4951214ba012052b9e16f60e90d73cfb06192c19203bbb05 \
    --hash=sha256:863a1588f5574e70a821dadefb41e4881ea451a47a3cd1b4df359d4ffefe5ead
    # via fastapi
typing-extensions==4.16.0 \
    --hash=sha256:481caa481374e813c1b176ada14e97f1f67a4539ce9cfeb3f350d78d6370c2e8 \
    --hash=sha256:dc983d19a509c94dba722ee6abd33940f7c05a89e243c47e907eb4db6f1a43e5
    # via
    #   anyio
    #   fastapi
    #   ortools
    #   pydantic
